
Microsoft Visual Studio Solution File, Format Version 12.00
# Visual Studio Version 16
VisualStudioVersion = 16.0.29709.97
MinimumVisualStudioVersion = 10.0.40219.1
Project("{A0786B88-2ADB-4C21-ABE8-AA2D79766269}") = "PHPWebClientProxy", "..\..\..\..\..\Users\jn75\source\repos\PHPWebClientProxy\PHPWebClientProxy.phpproj", "{6427B87D-741E-46F3-A3B7-D1B64A8720D6}"
EndProject
Project("{A0786B88-2ADB-4C21-ABE8-AA2D79766269}") = "ServiceProxy", "..\..\..\..\..\Users\jn75\source\repos\PHPServiceProxy\ServiceProxy\ServiceProxy.phpproj", "{F42FFE88-4CF6-4CE5-AF95-5BD119B32177}"
EndProject
Global
	GlobalSection(SolutionConfigurationPlatforms) = preSolution
		Debug|Any CPU = Debug|Any CPU
		Release|Any CPU = Release|Any CPU
	EndGlobalSection
	GlobalSection(ProjectConfigurationPlatforms) = postSolution
		{6427B87D-741E-46F3-A3B7-D1B64A8720D6}.Debug|Any CPU.ActiveCfg = Debug|Any CPU
		{6427B87D-741E-46F3-A3B7-D1B64A8720D6}.Release|Any CPU.ActiveCfg = Release|Any CPU
		{F42FFE88-4CF6-4CE5-AF95-5BD119B32177}.Debug|Any CPU.ActiveCfg = Debug|Any CPU
		{F42FFE88-4CF6-4CE5-AF95-5BD119B32177}.Release|Any CPU.ActiveCfg = Release|Any CPU
	EndGlobalSection
	GlobalSection(SolutionProperties) = preSolution
		HideSolutionNode = FALSE
	EndGlobalSection
	GlobalSection(ExtensibilityGlobals) = postSolution
		SolutionGuid = {B025478C-CBEF-40E2-BB58-0EF45313CC31}
	EndGlobalSection
EndGlobal
